
Microsoft Visual Studio Solution File, Format Version 12.00
# Visual Studio 15
VisualStudioVersion = 15.0.26430.16
MinimumVisualStudioVersion = 10.0.40219.1
Project("{FAE04EC0-301F-11D3-BF4B-00C04F79EFBC}") = "Day1.Library", "Day1.Library\Day1.Library.csproj", "{DB532237-0762-4BB9-BEC9-8C438D8C2351}"
EndProject
Project("{FAE04EC0-301F-11D3-BF4B-00C04F79EFBC}") = "Day1.LibraryTests", "Day1.LibraryTests\Day1.LibraryTests.csproj", "{315063D1-DC2C-4D7F-A06D-92F38CE2FA98}"
EndProject
Global
	GlobalSection(SolutionConfigurationPlatforms) = preSolution
		Debug|Any CPU = Debug|Any CPU
		Release|Any CPU = Release|Any CPU
	EndGlobalSection
	GlobalSection(ProjectConfigurationPlatforms) = postSolution
		{DB532237-0762-4BB9-BEC9-8C438D8C2351}.Debug|Any CPU.ActiveCfg = Debug|Any CPU
		{DB532237-0762-4BB9-BEC9-8C438D8C2351}.Debug|Any CPU.Build.0 = Debug|Any CPU
		{DB532237-0762-4BB9-BEC9-8C438D8C2351}.Release|Any CPU.ActiveCfg = Release|Any CPU
		{DB532237-0762-4BB9-BEC9-8C438D8C2351}.Release|Any CPU.Build.0 = Release|Any CPU
		{315063D1-DC2C-4D7F-A06D-92F38CE2FA98}.Debug|Any CPU.ActiveCfg = Debug|Any CPU
		{315063D1-DC2C-4D7F-A06D-92F38CE2FA98}.Debug|Any CPU.Build.0 = Debug|Any CPU
		{315063D1-DC2C-4D7F-A06D-92F38CE2FA98}.Release|Any CPU.ActiveCfg = Release|Any CPU
		{315063D1-DC2C-4D7F-A06D-92F38CE2FA98}.Release|Any CPU.Build.0 = Release|Any CPU
	EndGlobalSection
	GlobalSection(SolutionProperties) = preSolution
		HideSolutionNode = FALSE
	EndGlobalSection
EndGlobal
